
Microsoft Visual Studio Solution File, Format Version 12.00
# Visual Studio Version 16
VisualStudioVersion = 16.0.31205.134
MinimumVisualStudioVersion = 10.0.40219.1
Project("{9A19103F-16F7-4668-BE54-9A1E7A4F7556}") = "WebAPI", "WebAPI\WebAPI.csproj", "{C5EA8498-9738-4159-83D9-1BE72B5059C1}"
EndProject
Global
	GlobalSection(SolutionConfigurationPlatforms) = preSolution
		Debug|Any CPU = Debug|Any CPU
		Release|Any CPU = Release|Any CPU
	EndGlobalSection
	GlobalSection(ProjectConfigurationPlatforms) = postSolution
		{C5EA8498-9738-4159-83D9-1BE72B5059C1}.Debug|Any CPU.ActiveCfg = Debug|Any CPU
		{C5EA8498-9738-4159-83D9-1BE72B5059C1}.Debug|Any CPU.Build.0 = Debug|Any CPU
		{C5EA8498-9738-4159-83D9-1BE72B5059C1}.Release|Any CPU.ActiveCfg = Release|Any CPU
		{C5EA8498-9738-4159-83D9-1BE72B5059C1}.Release|Any CPU.Build.0 = Release|Any CPU
	EndGlobalSection
	GlobalSection(SolutionProperties) = preSolution
		HideSolutionNode = FALSE
	EndGlobalSection
	GlobalSection(ExtensibilityGlobals) = postSolution
		SolutionGuid = {9863ED42-32F4-4DC2-AEA2-4CBCB8CF5E94}
	EndGlobalSection
EndGlobal
